// !$*UTF8*$!
{
	archiveVersion = 1;
	classes = {
	};
	objectVersion = 46;
	objects = {

/* Begin PBXBuildFile section */
		0493994F1B89500900D4C92B /* main.m in Sources */ = {isa = PBXBuildFile; fileRef = 0493994E1B89500900D4C92B /* main.m */; };
		049399521B89500900D4C92B /* AppDelegate.m in Sources */ = {isa = PBXBuildFile; fileRef = 049399511B89500900D4C92B /* AppDelegate.m */; };
		049399551B89500900D4C92B /* ViewController.m in Sources */ = {isa = PBXBuildFile; fileRef = 049399541B89500900D4C92B /* ViewController.m */; };
		049399581B89500900D4C92B /* Main.storyboard in Resources */ = {isa = PBXBuildFile; fileRef = 049399561B89500900D4C92B /* Main.storyboard */; };
		0493995A1B89500900D4C92B /* Images.xcassets in Resources */ = {isa = PBXBuildFile; fileRef = 049399591B89500900D4C92B /* Images.xcassets */; };
		0493995D1B89500900D4C92B /* LaunchScreen.xib in Resources */ = {isa = PBXBuildFile; fileRef = 0493995B1B89500900D4C92B /* LaunchScreen.xib */; };
		049399691B89500900D4C92B /* CommandTable_blockTests.m in Sources */ = {isa = PBXBuildFile; fileRef = 049399681B89500900D4C92B /* CommandTable_blockTests.m */; };
/* End PBXBuildFile section */

/* Begin PBXContainerItemProxy section */
		049399631B89500900D4C92B /* PBXContainerItemProxy */ = {
			isa = PBXContainerItemProxy;
			containerPortal = 049399411B89500900D4C92B /* Project object */;
			proxyType = 1;
			remoteGlobalIDString = 049399481B89500900D4C92B;
			remoteInfo = CommandTable_block;
		};
/* End PBXContainerItemProxy section */

/* Begin PBXFileReference section */
		049399491B89500900D4C92B /* CommandTable_block.app */ = {isa = PBXFileReference; explicitFileType = wrapper.application; includeInIndex = 0; path = CommandTable_block.app; sourceTree = BUILT_PRODUCTS_DIR; };
		0493994D1B89500900D4C92B /* Info.plist */ = {isa = PBXFileReference; lastKnownFileType = text.plist.xml; path = Info.plist; sourceTree = "<group>"; };
		0493994E1B89500900D4C92B /* main.m */ = {isa = PBXFileReference; lastKnownFileType = sourcecode.c.objc; path = main.m; sourceTree = "<group>"; };
		049399501B89500900D4C92B /* AppDelegate.h */ = {isa = PBXFileReference; lastKnownFileType = sourcecode.c.h; path = AppDelegate.h; sourceTree = "<group>"; };
		049399511B89500900D4C92B /* AppDelegate.m */ = {isa = PBXFileReference; lastKnownFileType = sourcecode.c.objc; path = AppDelegate.m; sourceTree = "<group>"; };
		049399531B89500900D4C92B /* ViewController.h */ = {isa = PBXFileReference; lastKnownFileType = sourcecode.c.h; path = ViewController.h; sourceTree = "<group>"; };
		049399541B89500900D4C92B /* ViewController.m */ = {isa = PBXFileReference; lastKnownFileType = sourcecode.c.objc; path = ViewController.m; sourceTree = "<group>"; };
		049399571B89500900D4C92B /* Base */ = {isa = PBXFileReference; lastKnownFileType = file.storyboard; name = Base; path = Base.lproj/Main.storyboard; sourceTree = "<group>"; };
		049399591B89500900D4C92B /* Images.xcassets */ = {isa = PBXFileReference; lastKnownFileType = folder.assetcatalog; path = Images.xcassets; sourceTree = "<group>"; };
		0493995C1B89500900D4C92B /* Base */ = {isa = PBXFileReference; lastKnownFileType = file.xib; name = Base; path = Base.lproj/LaunchScreen.xib; sourceTree = "<group>"; };
		049399621B89500900D4C92B /* CommandTable_blockTests.xctest */ = {isa = PBXFileReference; explicitFileType = wrapper.cfbundle; includeInIndex = 0; path = CommandTable_blockTests.xctest; sourceTree = BUILT_PRODUCTS_DIR; };
		049399671B89500900D4C92B /* Info.plist */ = {isa = PBXFileReference; lastKnownFileType = text.plist.xml; path = Info.plist; sourceTree = "<group>"; };
		049399681B89500900D4C92B /* CommandTable_blockTests.m */ = {isa = PBXFileReference; lastKnownFileType = sourcecode.c.objc; path = CommandTable_blockTests.m; sourceTree = "<group>"; };
/* End PBXFileReference section */

/* Begin PBXFrameworksBuildPhase section */
		049399461B89500900D4C92B /* Frameworks */ = {
			isa = PBXFrameworksBuildPhase;
			buildActionMask = 2147483647;
			files = (
			);
			runOnlyForDeploymentPostprocessing = 0;
		};
		0493995F1B89500900D4C92B /* Frameworks */ = {
			isa = PBXFrameworksBuildPhase;
			buildActionMask = 2147483647;
			files = (
			);
			runOnlyForDeploymentPostprocessing = 0;
		};
/* End PBXFrameworksBuildPhase section */

/* Begin PBXGroup section */
		049399401B89500900D4C92B = {
			isa = PBXGroup;
			children = (
				0493994B1B89500900D4C92B /* CommandTable_block */,
				049399651B89500900D4C92B /* CommandTable_blockTests */,
				0493994A1B89500900D4C92B /* Products */,
			);
			sourceTree = "<group>";
		};
		0493994A1B89500900D4C92B /* Products */ = {
			isa = PBXGroup;
			children = (
				049399491B89500900D4C92B /* CommandTable_block.app */,
				049399621B89500900D4C92B /* CommandTable_blockTests.xctest */,
			);
			name = Products;
			sourceTree = "<group>";
		};
		0493994B1B89500900D4C92B /* CommandTable_block */ = {
			isa = PBXGroup;
			children = (
				049399501B89500900D4C92B /* AppDelegate.h */,
				049399511B89500900D4C92B /* AppDelegate.m */,
				049399531B89500900D4C92B /* ViewController.h */,
				049399541B89500900D4C92B /* ViewController.m */,
				049399561B89500900D4C92B /* Main.storyboard */,
				049399591B89500900D4C92B /* Images.xcassets */,
				0493995B1B89500900D4C92B /* LaunchScreen.xib */,
				0493994C1B89500900D4C92B /* Supporting Files */,
			);
			path = CommandTable_block;
			sourceTree = "<group>";
		};
		0493994C1B89500900D4C92B /* Supporting Files */ = {
			isa = PBXGroup;
			children = (
				0493994D1B89500900D4C92B /* Info.plist */,
				0493994E1B89500900D4C92B /* main.m */,
			);
			name = "Supporting Files";
			sourceTree = "<group>";
		};
		049399651B89500900D4C92B /* CommandTable_blockTests */ = {
			isa = PBXGroup;
			children = (
				049399681B89500900D4C92B /* CommandTable_blockTests.m */,
				049399661B89500900D4C92B /* Supporting Files */,
			);
			path = CommandTable_blockTests;
			sourceTree = "<group>";
		};
		049399661B89500900D4C92B /* Supporting Files */ = {
			isa = PBXGroup;
			children = (
				049399671B89500900D4C92B /* Info.plist */,
			);
			name = "Supporting Files";
			sourceTree = "<group>";
		};
/* End PBXGroup section */

/* Begin PBXNativeTarget section */
		049399481B89500900D4C92B /* CommandTable_block */ = {
			isa = PBXNativeTarget;
			buildConfigurationList = 0493996C1B89500900D4C92B /* Build configuration list for PBXNativeTarget "CommandTable_block" */;
			buildPhases = (
				049399451B89500900D4C92B /* Sources */,
				049399461B89500900D4C92B /* Frameworks */,
				049399471B89500900D4C92B /* Resources */,
			);
			buildRules = (
			);
			dependencies = (
			);
			name = CommandTable_block;
			productName = CommandTable_block;
			productReference = 049399491B89500900D4C92B /* CommandTable_block.app */;
			productType = "com.apple.product-type.application";
		};
		049399611B89500900D4C92B /* CommandTable_blockTests */ = {
			isa = PBXNativeTarget;
			buildConfigurationList = 0493996F1B89500900D4C92B /* Build configuration list for PBXNativeTarget "CommandTable_blockTests" */;
			buildPhases = (
				0493995E1B89500900D4C92B /* Sources */,
				0493995F1B89500900D4C92B /* Frameworks */,
				049399601B89500900D4C92B /* Resources */,
			);
			buildRules = (
			);
			dependencies = (
				049399641B89500900D4C92B /* PBXTargetDependency */,
			);
			name = CommandTable_blockTests;
			productName = CommandTable_blockTests;
			productReference = 049399621B89500900D4C92B /* CommandTable_blockTests.xctest */;
			productType = "com.apple.product-type.bundle.unit-test";
		};
/* End PBXNativeTarget section */

/* Begin PBXProject section */
		049399411B89500900D4C92B /* Project object */ = {
			isa = PBXProject;
			attributes = {
				LastUpgradeCheck = 0610;
				ORGANIZATIONNAME = "无线互联";
				TargetAttributes = {
					049399481B89500900D4C92B = {
						CreatedOnToolsVersion = 6.1;
					};
					049399611B89500900D4C92B = {
						CreatedOnToolsVersion = 6.1;
						TestTargetID = 049399481B89500900D4C92B;
					};
				};
			};
			buildConfigurationList = 049399441B89500900D4C92B /* Build configuration list for PBXProject "CommandTable_block" */;
			compatibilityVersion = "Xcode 3.2";
			developmentRegion = English;
			hasScannedForEncodings = 0;
			knownRegions = (
				en,
				Base,
			);
			mainGroup = 049399401B89500900D4C92B;
			productRefGroup = 0493994A1B89500900D4C92B /* Products */;
			projectDirPath = "";
			projectRoot = "";
			targets = (
				049399481B89500900D4C92B /* CommandTable_block */,
				049399611B89500900D4C92B /* CommandTable_blockTests */,
			);
		};
/* End PBXProject section */

/* Begin PBXResourcesBuildPhase section */
		049399471B89500900D4C92B /* Resources */ = {
			isa = PBXResourcesBuildPhase;
			buildActionMask = 2147483647;
			files = (
				049399581B89500900D4C92B /* Main.storyboard in Resources */,
				0493995D1B89500900D4C92B /* LaunchScreen.xib in Resources */,
				0493995A1B89500900D4C92B /* Images.xcassets in Resources */,
			);
			runOnlyForDeploymentPostprocessing = 0;
		};
		049399601B89500900D4C92B /* Resources */ = {
			isa = PBXResourcesBuildPhase;
			buildActionMask = 2147483647;
			files = (
			);
			runOnlyForDeploymentPostprocessing = 0;
		};
/* End PBXResourcesBuildPhase section */

/* Begin PBXSourcesBuildPhase section */
		049399451B89500900D4C92B /* Sources */ = {
			isa = PBXSourcesBuildPhase;
			buildActionMask = 2147483647;
			files = (
				049399551B89500900D4C92B /* ViewController.m in Sources */,
				049399521B89500900D4C92B /* AppDelegate.m in Sources */,
				0493994F1B89500900D4C92B /* main.m in Sources */,
			);
			runOnlyForDeploymentPostprocessing = 0;
		};
		0493995E1B89500900D4C92B /* Sources */ = {
			isa = PBXSourcesBuildPhase;
			buildActionMask = 2147483647;
			files = (
				049399691B89500900D4C92B /* CommandTable_blockTests.m in Sources */,
			);
			runOnlyForDeploymentPostprocessing = 0;
		};
/* End PBXSourcesBuildPhase section */

/* Begin PBXTargetDependency section */
		049399641B89500900D4C92B /* PBXTargetDependency */ = {
			isa = PBXTargetDependency;
			target = 049399481B89500900D4C92B /* CommandTable_block */;
			targetProxy = 049399631B89500900D4C92B /* PBXContainerItemProxy */;
		};
/* End PBXTargetDependency section */

/* Begin PBXVariantGroup section */
		049399561B89500900D4C92B /* Main.storyboard */ = {
			isa = PBXVariantGroup;
			children = (
				049399571B89500900D4C92B /* Base */,
			);
			name = Main.storyboard;
			sourceTree = "<group>";
		};
		0493995B1B89500900D4C92B /* LaunchScreen.xib */ = {
			isa = PBXVariantGroup;
			children = (
				0493995C1B89500900D4C92B /* Base */,
			);
			name = LaunchScreen.xib;
			sourceTree = "<group>";
		};
/* End PBXVariantGroup section */

/* Begin XCBuildConfiguration section */
		0493996A1B89500900D4C92B /* Debug */ = {
			isa = XCBuildConfiguration;
			buildSettings = {
				ALWAYS_SEARCH_USER_PATHS = NO;
				CLANG_CXX_LANGUAGE_STANDARD = "gnu++0x";
				CLANG_CXX_LIBRARY = "libc++";
				CLANG_ENABLE_MODULES = YES;
				CLANG_ENABLE_OBJC_ARC = YES;
				CLANG_WARN_BOOL_CONVERSION = YES;
				CLANG_WARN_CONSTANT_CONVERSION = YES;
				CLANG_WARN_DIRECT_OBJC_ISA_USAGE = YES_ERROR;
				CLANG_WARN_EMPTY_BODY = YES;
				CLANG_WARN_ENUM_CONVERSION = YES;
				CLANG_WARN_INT_CONVERSION = YES;
				CLANG_WARN_OBJC_ROOT_CLASS = YES_ERROR;
				CLANG_WARN_UNREACHABLE_CODE = YES;
				CLANG_WARN__DUPLICATE_METHOD_MATCH = YES;
				"CODE_SIGN_IDENTITY[sdk=iphoneos*]" = "iPhone Developer";
				COPY_PHASE_STRIP = NO;
				ENABLE_STRICT_OBJC_MSGSEND = YES;
				GCC_C_LANGUAGE_STANDARD = gnu99;
				GCC_DYNAMIC_NO_PIC = NO;
				GCC_OPTIMIZATION_LEVEL = 0;
				GCC_PREPROCESSOR_DEFINITIONS = (
					"DEBUG=1",
					"$(inherited)",
				);
				GCC_SYMBOLS_PRIVATE_EXTERN = NO;
				GCC_WARN_64_TO_32_BIT_CONVERSION = YES;
				GCC_WARN_ABOUT_RETURN_TYPE = YES_ERROR;
				GCC_WARN_UNDECLARED_SELECTOR = YES;
				GCC_WARN_UNINITIALIZED_AUTOS = YES_AGGRESSIVE;
				GCC_WARN_UNUSED_FUNCTION = YES;
				GCC_WARN_UNUSED_VARIABLE = YES;
				IPHONEOS_DEPLOYMENT_TARGET = 8.1;
				MTL_ENABLE_DEBUG_INFO = YES;
				ONLY_ACTIVE_ARCH = YES;
				SDKROOT = iphoneos;
			};
			name = Debug;
		};
		0493996B1B89500900D4C92B /* Release */ = {
			isa = XCBuildConfiguration;
			buildSettings = {
				ALWAYS_SEARCH_USER_PATHS = NO;
				CLANG_CXX_LANGUAGE_STANDARD = "gnu++0x";
				CLANG_CXX_LIBRARY = "libc++";
				CLANG_ENABLE_MODULES = YES;
				CLANG_ENABLE_OBJC_ARC = YES;
				CLANG_WARN_BOOL_CONVERSION = YES;
				CLANG_WARN_CONSTANT_CONVERSION = YES;
				CLANG_WARN_DIRECT_OBJC_ISA_USAGE = YES_ERROR;
				CLANG_WARN_EMPTY_BODY = YES;
				CLANG_WARN_ENUM_CONVERSION = YES;
				CLANG_WARN_INT_CONVERSION = YES;
				CLANG_WARN_OBJC_ROOT_CLASS = YES_ERROR;
				CLANG_WARN_UNREACHABLE_CODE = YES;
				CLANG_WARN__DUPLICATE_METHOD_MATCH = YES;
				"CODE_SIGN_IDENTITY[sdk=iphoneos*]" = "iPhone Developer";
				COPY_PHASE_STRIP = YES;
				ENABLE_NS_ASSERTIONS = NO;
				ENABLE_STRICT_OBJC_MSGSEND = YES;
				GCC_C_LANGUAGE_STANDARD = gnu99;
				GCC_WARN_64_TO_32_BIT_CONVERSION = YES;
				GCC_WARN_ABOUT_RETURN_TYPE = YES_ERROR;
				GCC_WARN_UNDECLARED_SELECTOR = YES;
				GCC_WARN_UNINITIALIZED_AUTOS = YES_AGGRESSIVE;
				GCC_WARN_UNUSED_FUNCTION = YES;
				GCC_WARN_UNUSED_VARIABLE = YES;
				IPHONEOS_DEPLOYMENT_TARGET = 8.1;
				MTL_ENABLE_DEBUG_INFO = NO;
				SDKROOT = iphoneos;
				VALIDATE_PRODUCT = YES;
			};
			name = Release;
		};
		0493996D1B89500900D4C92B /* Debug */ = {
			isa = XCBuildConfiguration;
			buildSettings = {
				ASSETCATALOG_COMPILER_APPICON_NAME = AppIcon;
				INFOPLIST_FILE = CommandTable_block/Info.plist;
				LD_RUNPATH_SEARCH_PATHS = "$(inherited) @executable_path/Frameworks";
				PRODUCT_NAME = "$(TARGET_NAME)";
			};
			name = Debug;
		};
		0493996E1B89500900D4C92B /* Release */ = {
			isa = XCBuildConfiguration;
			buildSettings = {
				ASSETCATALOG_COMPILER_APPICON_NAME = AppIcon;
				INFOPLIST_FILE = CommandTable_block/Info.plist;
				LD_RUNPATH_SEARCH_PATHS = "$(inherited) @executable_path/Frameworks";
				PRODUCT_NAME = "$(TARGET_NAME)";
			};
			name = Release;
		};
		049399701B89500900D4C92B /* Debug */ = {
			isa = XCBuildConfiguration;
			buildSettings = {
				BUNDLE_LOADER = "$(TEST_HOST)";
				FRAMEWORK_SEARCH_PATHS = (
					"$(SDKROOT)/Developer/Library/Frameworks",
					"$(inherited)",
				);
				GCC_PREPROCESSOR_DEFINITIONS = (
					"DEBUG=1",
					"$(inherited)",
				);
				INFOPLIST_FILE = CommandTable_blockTests/Info.plist;
				LD_RUNPATH_SEARCH_PATHS = "$(inherited) @executable_path/Frameworks @loader_path/Frameworks";
				PRODUCT_NAME = "$(TARGET_NAME)";
				TEST_HOST = "$(BUILT_PRODUCTS_DIR)/CommandTable_block.app/CommandTable_block";
			};
			name = Debug;
		};
		049399711B89500900D4C92B /* Release */ = {
			isa = XCBuildConfiguration;
			buildSettings = {
				BUNDLE_LOADER = "$(TEST_HOST)";
				FRAMEWORK_SEARCH_PATHS = (
					"$(SDKROOT)/Developer/Library/Frameworks",
					"$(inherited)",
				);
				INFOPLIST_FILE = CommandTable_blockTests/Info.plist;
				LD_RUNPATH_SEARCH_PATHS = "$(inherited) @executable_path/Frameworks @loader_path/Frameworks";
				PRODUCT_NAME = "$(TARGET_NAME)";
				TEST_HOST = "$(BUILT_PRODUCTS_DIR)/CommandTable_block.app/CommandTable_block";
			};
			name = Release;
		};
/* End XCBuildConfiguration section */

/* Begin XCConfigurationList section */
		049399441B89500900D4C92B /* Build configuration list for PBXProject "CommandTable_block" */ = {
			isa = XCConfigurationList;
			buildConfigurations = (
				0493996A1B89500900D4C92B /* Debug */,
				0493996B1B89500900D4C92B /* Release */,
			);
			defaultConfigurationIsVisible = 0;
			defaultConfigurationName = Release;
		};
		0493996C1B89500900D4C92B /* Build configuration list for PBXNativeTarget "CommandTable_block" */ = {
			isa = XCConfigurationList;
			buildConfigurations = (
				0493996D1B89500900D4C92B /* Debug */,
				0493996E1B89500900D4C92B /* Release */,
			);
			defaultConfigurationIsVisible = 0;
		};
		0493996F1B89500900D4C92B /* Build configuration list for PBXNativeTarget "CommandTable_blockTests" */ = {
			isa = XCConfigurationList;
			buildConfigurations = (
				049399701B89500900D4C92B /* Debug */,
				049399711B89500900D4C92B /* Release */,
			);
			defaultConfigurationIsVisible = 0;
		};
/* End XCConfigurationList section */
	};
	rootObject = 049399411B89500900D4C92B /* Project object */;
}
